
Microsoft Visual Studio Solution File, Format Version 12.00
# Visual Studio Version 16
VisualStudioVersion = 16.0.32802.440
MinimumVisualStudioVersion = 10.0.40219.1
Project("{8BC9CEB8-8B4A-11D0-8D11-00A0C91BC942}") = "Lab1_", "Lab1_.vcxproj", "{72F733FA-8F07-4237-9424-A88CE7DFA090}"
EndProject
Project("{8BC9CEB8-8B4A-11D0-8D11-00A0C91BC942}") = "UnitTest1", "..\UnitTest1\UnitTest1.vcxproj", "{D7E0DAA8-90DB-4CE6-BADE-03814012D3C6}"
EndProject
Global
	GlobalSection(SolutionConfigurationPlatforms) = preSolution
		Debug|x64 = Debug|x64
		Debug|x86 = Debug|x86
		Release|x64 = Release|x64
		Release|x86 = Release|x86
	EndGlobalSection
	GlobalSection(ProjectConfigurationPlatforms) = postSolution
		{72F733FA-8F07-4237-9424-A88CE7DFA090}.Debug|x64.ActiveCfg = Debug|x64
		{72F733FA-8F07-4237-9424-A88CE7DFA090}.Debug|x64.Build.0 = Debug|x64
		{72F733FA-8F07-4237-9424-A88CE7DFA090}.Debug|x86.ActiveCfg = Debug|Win32
		{72F733FA-8F07-4237-9424-A88CE7DFA090}.Debug|x86.Build.0 = Debug|Win32
		{72F733FA-8F07-4237-9424-A88CE7DFA090}.Release|x64.ActiveCfg = Release|x64
		{72F733FA-8F07-4237-9424-A88CE7DFA090}.Release|x64.Build.0 = Release|x64
		{72F733FA-8F07-4237-9424-A88CE7DFA090}.Release|x86.ActiveCfg = Release|Win32
		{72F733FA-8F07-4237-9424-A88CE7DFA090}.Release|x86.Build.0 = Release|Win32
		{D7E0DAA8-90DB-4CE6-BADE-03814012D3C6}.Debug|x64.ActiveCfg = Debug|x64
		{D7E0DAA8-90DB-4CE6-BADE-03814012D3C6}.Debug|x64.Build.0 = Debug|x64
		{D7E0DAA8-90DB-4CE6-BADE-03814012D3C6}.Debug|x86.ActiveCfg = Debug|Win32
		{D7E0DAA8-90DB-4CE6-BADE-03814012D3C6}.Debug|x86.Build.0 = Debug|Win32
		{D7E0DAA8-90DB-4CE6-BADE-03814012D3C6}.Release|x64.ActiveCfg = Release|x64
		{D7E0DAA8-90DB-4CE6-BADE-03814012D3C6}.Release|x64.Build.0 = Release|x64
		{D7E0DAA8-90DB-4CE6-BADE-03814012D3C6}.Release|x86.ActiveCfg = Release|Win32
		{D7E0DAA8-90DB-4CE6-BADE-03814012D3C6}.Release|x86.Build.0 = Release|Win32
	EndGlobalSection
	GlobalSection(SolutionProperties) = preSolution
		HideSolutionNode = FALSE
	EndGlobalSection
	GlobalSection(ExtensibilityGlobals) = postSolution
		SolutionGuid = {243ECB85-178D-4A24-AC44-A2B341D9A1B0}
	EndGlobalSection
EndGlobal
